// !$*UTF8*$!
{
	archiveVersion = 1;
	classes = {
	};
	objectVersion = 46;
	objects = {

/* Begin PBXBuildFile section */
		366A3FB41CB39C5E00A70DE3 /* main.m in Sources */ = {isa = PBXBuildFile; fileRef = 366A3FB31CB39C5E00A70DE3 /* main.m */; };
		366A3FB71CB39C5E00A70DE3 /* AppDelegate.m in Sources */ = {isa = PBXBuildFile; fileRef = 366A3FB61CB39C5E00A70DE3 /* AppDelegate.m */; };
		366A3FBA1CB39C5E00A70DE3 /* ViewController.m in Sources */ = {isa = PBXBuildFile; fileRef = 366A3FB91CB39C5E00A70DE3 /* ViewController.m */; };
		366A3FBD1CB39C5E00A70DE3 /* Main.storyboard in Resources */ = {isa = PBXBuildFile; fileRef = 366A3FBB1CB39C5E00A70DE3 /* Main.storyboard */; };
		366A3FBF1CB39C5E00A70DE3 /* Assets.xcassets in Resources */ = {isa = PBXBuildFile; fileRef = 366A3FBE1CB39C5E00A70DE3 /* Assets.xcassets */; };
		366A3FC21CB39C5E00A70DE3 /* LaunchScreen.storyboard in Resources */ = {isa = PBXBuildFile; fileRef = 366A3FC01CB39C5E00A70DE3 /* LaunchScreen.storyboard */; };
		366A3FCD1CB39C5E00A70DE3 /* MakeCallTests.m in Sources */ = {isa = PBXBuildFile; fileRef = 366A3FCC1CB39C5E00A70DE3 /* MakeCallTests.m */; };
		366A3FD81CB39C5E00A70DE3 /* MakeCallUITests.m in Sources */ = {isa = PBXBuildFile; fileRef = 366A3FD71CB39C5E00A70DE3 /* MakeCallUITests.m */; };
		367E88041CB4E7E300B943EC /* ViewController.m in Sources */ = {isa = PBXBuildFile; fileRef = 366A3FB91CB39C5E00A70DE3 /* ViewController.m */; };
		367E88051CB4E7E300B943EC /* AppDelegate.m in Sources */ = {isa = PBXBuildFile; fileRef = 366A3FB61CB39C5E00A70DE3 /* AppDelegate.m */; };
		367E88061CB4E7E300B943EC /* main.m in Sources */ = {isa = PBXBuildFile; fileRef = 366A3FB31CB39C5E00A70DE3 /* main.m */; };
		367E88091CB4E7E300B943EC /* LaunchScreen.storyboard in Resources */ = {isa = PBXBuildFile; fileRef = 366A3FC01CB39C5E00A70DE3 /* LaunchScreen.storyboard */; };
		367E880A1CB4E7E300B943EC /* Assets.xcassets in Resources */ = {isa = PBXBuildFile; fileRef = 366A3FBE1CB39C5E00A70DE3 /* Assets.xcassets */; };
		367E880B1CB4E7E300B943EC /* Main.storyboard in Resources */ = {isa = PBXBuildFile; fileRef = 366A3FBB1CB39C5E00A70DE3 /* Main.storyboard */; };
/* End PBXBuildFile section */

/* Begin PBXContainerItemProxy section */
		366A3FC91CB39C5E00A70DE3 /* PBXContainerItemProxy */ = {
			isa = PBXContainerItemProxy;
			containerPortal = 366A3FA71CB39C5E00A70DE3 /* Project object */;
			proxyType = 1;
			remoteGlobalIDString = 366A3FAE1CB39C5E00A70DE3;
			remoteInfo = MakeCall;
		};
		366A3FD41CB39C5E00A70DE3 /* PBXContainerItemProxy */ = {
			isa = PBXContainerItemProxy;
			containerPortal = 366A3FA71CB39C5E00A70DE3 /* Project object */;
			proxyType = 1;
			remoteGlobalIDString = 366A3FAE1CB39C5E00A70DE3;
			remoteInfo = MakeCall;
		};
/* End PBXContainerItemProxy section */

/* Begin PBXFileReference section */
		366A3FAF1CB39C5E00A70DE3 /* MakeCall.app */ = {isa = PBXFileReference; explicitFileType = wrapper.application; includeInIndex = 0; path = MakeCall.app; sourceTree = BUILT_PRODUCTS_DIR; };
		366A3FB31CB39C5E00A70DE3 /* main.m */ = {isa = PBXFileReference; lastKnownFileType = sourcecode.c.objc; path = main.m; sourceTree = "<group>"; };
		366A3FB51CB39C5E00A70DE3 /* AppDelegate.h */ = {isa = PBXFileReference; lastKnownFileType = sourcecode.c.h; path = AppDelegate.h; sourceTree = "<group>"; };
		366A3FB61CB39C5E00A70DE3 /* AppDelegate.m */ = {isa = PBXFileReference; lastKnownFileType = sourcecode.c.objc; path = AppDelegate.m; sourceTree = "<group>"; };
		366A3FB81CB39C5E00A70DE3 /* ViewController.h */ = {isa = PBXFileReference; lastKnownFileType = sourcecode.c.h; path = ViewController.h; sourceTree = "<group>"; };
		366A3FB91CB39C5E00A70DE3 /* ViewController.m */ = {isa = PBXFileReference; lastKnownFileType = sourcecode.c.objc; path = ViewController.m; sourceTree = "<group>"; };
		366A3FBC1CB39C5E00A70DE3 /* Base */ = {isa = PBXFileReference; lastKnownFileType = file.storyboard; name = Base; path = Base.lproj/Main.storyboard; sourceTree = "<group>"; };
		366A3FBE1CB39C5E00A70DE3 /* Assets.xcassets */ = {isa = PBXFileReference; lastKnownFileType = folder.assetcatalog; path = Assets.xcassets; sourceTree = "<group>"; };
		366A3FC11CB39C5E00A70DE3 /* Base */ = {isa = PBXFileReference; lastKnownFileType = file.storyboard; name = Base; path = Base.lproj/LaunchScreen.storyboard; sourceTree = "<group>"; };
		366A3FC31CB39C5E00A70DE3 /* Info.plist */ = {isa = PBXFileReference; lastKnownFileType = text.plist.xml; path = Info.plist; sourceTree = "<group>"; };
		366A3FC81CB39C5E00A70DE3 /* MakeCallTests.xctest */ = {isa = PBXFileReference; explicitFileType = wrapper.cfbundle; includeInIndex = 0; path = MakeCallTests.xctest; sourceTree = BUILT_PRODUCTS_DIR; };
		366A3FCC1CB39C5E00A70DE3 /* MakeCallTests.m */ = {isa = PBXFileReference; lastKnownFileType = sourcecode.c.objc; path = MakeCallTests.m; sourceTree = "<group>"; };
		366A3FCE1CB39C5E00A70DE3 /* Info.plist */ = {isa = PBXFileReference; lastKnownFileType = text.plist.xml; path = Info.plist; sourceTree = "<group>"; };
		366A3FD31CB39C5E00A70DE3 /* MakeCallUITests.xctest */ = {isa = PBXFileReference; explicitFileType = wrapper.cfbundle; includeInIndex = 0; path = MakeCallUITests.xctest; sourceTree = BUILT_PRODUCTS_DIR; };
		366A3FD71CB39C5E00A70DE3 /* MakeCallUITests.m */ = {isa = PBXFileReference; lastKnownFileType = sourcecode.c.objc; path = MakeCallUITests.m; sourceTree = "<group>"; };
		366A3FD91CB39C5E00A70DE3 /* Info.plist */ = {isa = PBXFileReference; lastKnownFileType = text.plist.xml; path = Info.plist; sourceTree = "<group>"; };
		367E880F1CB4E7E300B943EC /* MakeCall-iPad.app */ = {isa = PBXFileReference; explicitFileType = wrapper.application; includeInIndex = 0; path = "MakeCall-iPad.app"; sourceTree = BUILT_PRODUCTS_DIR; };
		367E88111CB4E7E300B943EC /* MakeCall copy-Info.plist */ = {isa = PBXFileReference; lastKnownFileType = text.plist.xml; name = "MakeCall copy-Info.plist"; path = "/Users/fhdone/Documents/xcode_space/objectiveC/MakeCall/MakeCall copy-Info.plist"; sourceTree = "<absolute>"; };
/* End PBXFileReference section */

/* Begin PBXFrameworksBuildPhase section */
		366A3FAC1CB39C5E00A70DE3 /* Frameworks */ = {
			isa = PBXFrameworksBuildPhase;
			buildActionMask = 2147483647;
			files = (
			);
			runOnlyForDeploymentPostprocessing = 0;
		};
		366A3FC51CB39C5E00A70DE3 /* Frameworks */ = {
			isa = PBXFrameworksBuildPhase;
			buildActionMask = 2147483647;
			files = (
			);
			runOnlyForDeploymentPostprocessing = 0;
		};
		366A3FD01CB39C5E00A70DE3 /* Frameworks */ = {
			isa = PBXFrameworksBuildPhase;
			buildActionMask = 2147483647;
			files = (
			);
			runOnlyForDeploymentPostprocessing = 0;
		};
		367E88071CB4E7E300B943EC /* Frameworks */ = {
			isa = PBXFrameworksBuildPhase;
			buildActionMask = 2147483647;
			files = (
			);
			runOnlyForDeploymentPostprocessing = 0;
		};
/* End PBXFrameworksBuildPhase section */

/* Begin PBXGroup section */
		366A3FA61CB39C5E00A70DE3 = {
			isa = PBXGroup;
			children = (
				367E88101CB4E7E300B943EC /* Resources-iPad */,
				366A3FB11CB39C5E00A70DE3 /* MakeCall */,
				366A3FCB1CB39C5E00A70DE3 /* MakeCallTests */,
				366A3FD61CB39C5E00A70DE3 /* MakeCallUITests */,
				366A3FB01CB39C5E00A70DE3 /* Products */,
				367E88111CB4E7E300B943EC /* MakeCall copy-Info.plist */,
			);
			sourceTree = "<group>";
		};
		366A3FB01CB39C5E00A70DE3 /* Products */ = {
			isa = PBXGroup;
			children = (
				366A3FAF1CB39C5E00A70DE3 /* MakeCall.app */,
				366A3FC81CB39C5E00A70DE3 /* MakeCallTests.xctest */,
				366A3FD31CB39C5E00A70DE3 /* MakeCallUITests.xctest */,
				367E880F1CB4E7E300B943EC /* MakeCall-iPad.app */,
			);
			name = Products;
			sourceTree = "<group>";
		};
		366A3FB11CB39C5E00A70DE3 /* MakeCall */ = {
			isa = PBXGroup;
			children = (
				366A3FB51CB39C5E00A70DE3 /* AppDelegate.h */,
				366A3FB61CB39C5E00A70DE3 /* AppDelegate.m */,
				366A3FB81CB39C5E00A70DE3 /* ViewController.h */,
				366A3FB91CB39C5E00A70DE3 /* ViewController.m */,
				366A3FBB1CB39C5E00A70DE3 /* Main.storyboard */,
				366A3FBE1CB39C5E00A70DE3 /* Assets.xcassets */,
				366A3FC01CB39C5E00A70DE3 /* LaunchScreen.storyboard */,
				366A3FC31CB39C5E00A70DE3 /* Info.plist */,
				366A3FB21CB39C5E00A70DE3 /* Supporting Files */,
			);
			path = MakeCall;
			sourceTree = "<group>";
		};
		366A3FB21CB39C5E00A70DE3 /* Supporting Files */ = {
			isa = PBXGroup;
			children = (
				366A3FB31CB39C5E00A70DE3 /* main.m */,
			);
			name = "Supporting Files";
			sourceTree = "<group>";
		};
		366A3FCB1CB39C5E00A70DE3 /* MakeCallTests */ = {
			isa = PBXGroup;
			children = (
				366A3FCC1CB39C5E00A70DE3 /* MakeCallTests.m */,
				366A3FCE1CB39C5E00A70DE3 /* Info.plist */,
			);
			path = MakeCallTests;
			sourceTree = "<group>";
		};
		366A3FD61CB39C5E00A70DE3 /* MakeCallUITests */ = {
			isa = PBXGroup;
			children = (
				366A3FD71CB39C5E00A70DE3 /* MakeCallUITests.m */,
				366A3FD91CB39C5E00A70DE3 /* Info.plist */,
			);
			path = MakeCallUITests;
			sourceTree = "<group>";
		};
		367E88101CB4E7E300B943EC /* Resources-iPad */ = {
			isa = PBXGroup;
			children = (
			);
			name = "Resources-iPad";
			sourceTree = "<group>";
		};
/* End PBXGroup section */

/* Begin PBXNativeTarget section */
		366A3FAE1CB39C5E00A70DE3 /* MakeCall */ = {
			isa = PBXNativeTarget;
			buildConfigurationList = 366A3FDC1CB39C5E00A70DE3 /* Build configuration list for PBXNativeTarget "MakeCall" */;
			buildPhases = (
				366A3FAB1CB39C5E00A70DE3 /* Sources */,
				366A3FAC1CB39C5E00A70DE3 /* Frameworks */,
				366A3FAD1CB39C5E00A70DE3 /* Resources */,
			);
			buildRules = (
			);
			dependencies = (
			);
			name = MakeCall;
			productName = MakeCall;
			productReference = 366A3FAF1CB39C5E00A70DE3 /* MakeCall.app */;
			productType = "com.apple.product-type.application";
		};
		366A3FC71CB39C5E00A70DE3 /* MakeCallTests */ = {
			isa = PBXNativeTarget;
			buildConfigurationList = 366A3FDF1CB39C5E00A70DE3 /* Build configuration list for PBXNativeTarget "MakeCallTests" */;
			buildPhases = (
				366A3FC41CB39C5E00A70DE3 /* Sources */,
				366A3FC51CB39C5E00A70DE3 /* Frameworks */,
				366A3FC61CB39C5E00A70DE3 /* Resources */,
			);
			buildRules = (
			);
			dependencies = (
				366A3FCA1CB39C5E00A70DE3 /* PBXTargetDependency */,
			);
			name = MakeCallTests;
			productName = MakeCallTests;
			productReference = 366A3FC81CB39C5E00A70DE3 /* MakeCallTests.xctest */;
			productType = "com.apple.product-type.bundle.unit-test";
		};
		366A3FD21CB39C5E00A70DE3 /* MakeCallUITests */ = {
			isa = PBXNativeTarget;
			buildConfigurationList = 366A3FE21CB39C5E00A70DE3 /* Build configuration list for PBXNativeTarget "MakeCallUITests" */;
			buildPhases = (
				366A3FCF1CB39C5E00A70DE3 /* Sources */,
				366A3FD01CB39C5E00A70DE3 /* Frameworks */,
				366A3FD11CB39C5E00A70DE3 /* Resources */,
			);
			buildRules = (
			);
			dependencies = (
				366A3FD51CB39C5E00A70DE3 /* PBXTargetDependency */,
			);
			name = MakeCallUITests;
			productName = MakeCallUITests;
			productReference = 366A3FD31CB39C5E00A70DE3 /* MakeCallUITests.xctest */;
			productType = "com.apple.product-type.bundle.ui-testing";
		};
		367E88021CB4E7E300B943EC /* MakeCall-iPad */ = {
			isa = PBXNativeTarget;
			buildConfigurationList = 367E880C1CB4E7E300B943EC /* Build configuration list for PBXNativeTarget "MakeCall-iPad" */;
			buildPhases = (
				367E88031CB4E7E300B943EC /* Sources */,
				367E88071CB4E7E300B943EC /* Frameworks */,
				367E88081CB4E7E300B943EC /* Resources */,
			);
			buildRules = (
			);
			dependencies = (
			);
			name = "MakeCall-iPad";
			productName = MakeCall;
			productReference = 367E880F1CB4E7E300B943EC /* MakeCall-iPad.app */;
			productType = "com.apple.product-type.application";
		};
/* End PBXNativeTarget section */

/* Begin PBXProject section */
		366A3FA71CB39C5E00A70DE3 /* Project object */ = {
			isa = PBXProject;
			attributes = {
				LastUpgradeCheck = 0730;
				ORGANIZATIONNAME = fhdone;
				TargetAttributes = {
					366A3FAE1CB39C5E00A70DE3 = {
						CreatedOnToolsVersion = 7.3;
					};
					366A3FC71CB39C5E00A70DE3 = {
						CreatedOnToolsVersion = 7.3;
						DevelopmentTeam = W5GAP98U7B;
						TestTargetID = 366A3FAE1CB39C5E00A70DE3;
					};
					366A3FD21CB39C5E00A70DE3 = {
						CreatedOnToolsVersion = 7.3;
						DevelopmentTeam = W5GAP98U7B;
						TestTargetID = 366A3FAE1CB39C5E00A70DE3;
					};
				};
			};
			buildConfigurationList = 366A3FAA1CB39C5E00A70DE3 /* Build configuration list for PBXProject "MakeCall" */;
			compatibilityVersion = "Xcode 3.2";
			developmentRegion = English;
			hasScannedForEncodings = 0;
			knownRegions = (
				en,
				Base,
			);
			mainGroup = 366A3FA61CB39C5E00A70DE3;
			productRefGroup = 366A3FB01CB39C5E00A70DE3 /* Products */;
			projectDirPath = "";
			projectRoot = "";
			targets = (
				366A3FAE1CB39C5E00A70DE3 /* MakeCall */,
				367E88021CB4E7E300B943EC /* MakeCall-iPad */,
				366A3FC71CB39C5E00A70DE3 /* MakeCallTests */,
				366A3FD21CB39C5E00A70DE3 /* MakeCallUITests */,
			);
		};
/* End PBXProject section */

/* Begin PBXResourcesBuildPhase section */
		366A3FAD1CB39C5E00A70DE3 /* Resources */ = {
			isa = PBXResourcesBuildPhase;
			buildActionMask = 2147483647;
			files = (
				366A3FC21CB39C5E00A70DE3 /* LaunchScreen.storyboard in Resources */,
				366A3FBF1CB39C5E00A70DE3 /* Assets.xcassets in Resources */,
				366A3FBD1CB39C5E00A70DE3 /* Main.storyboard in Resources */,
			);
			runOnlyForDeploymentPostprocessing = 0;
		};
		366A3FC61CB39C5E00A70DE3 /* Resources */ = {
			isa = PBXResourcesBuildPhase;
			buildActionMask = 2147483647;
			files = (
			);
			runOnlyForDeploymentPostprocessing = 0;
		};
		366A3FD11CB39C5E00A70DE3 /* Resources */ = {
			isa = PBXResourcesBuildPhase;
			buildActionMask = 2147483647;
			files = (
			);
			runOnlyForDeploymentPostprocessing = 0;
		};
		367E88081CB4E7E300B943EC /* Resources */ = {
			isa = PBXResourcesBuildPhase;
			buildActionMask = 2147483647;
			files = (
				367E88091CB4E7E300B943EC /* LaunchScreen.storyboard in Resources */,
				367E880A1CB4E7E300B943EC /* Assets.xcassets in Resources */,
				367E880B1CB4E7E300B943EC /* Main.storyboard in Resources */,
			);
			runOnlyForDeploymentPostprocessing = 0;
		};
/* End PBXResourcesBuildPhase section */

/* Begin PBXSourcesBuildPhase section */
		366A3FAB1CB39C5E00A70DE3 /* Sources */ = {
			isa = PBXSourcesBuildPhase;
			buildActionMask = 2147483647;
			files = (
				366A3FBA1CB39C5E00A70DE3 /* ViewController.m in Sources */,
				366A3FB71CB39C5E00A70DE3 /* AppDelegate.m in Sources */,
				366A3FB41CB39C5E00A70DE3 /* main.m in Sources */,
			);
			runOnlyForDeploymentPostprocessing = 0;
		};
		366A3FC41CB39C5E00A70DE3 /* Sources */ = {
			isa = PBXSourcesBuildPhase;
			buildActionMask = 2147483647;
			files = (
				366A3FCD1CB39C5E00A70DE3 /* MakeCallTests.m in Sources */,
			);
			runOnlyForDeploymentPostprocessing = 0;
		};
		366A3FCF1CB39C5E00A70DE3 /* Sources */ = {
			isa = PBXSourcesBuildPhase;
			buildActionMask = 2147483647;
			files = (
				366A3FD81CB39C5E00A70DE3 /* MakeCallUITests.m in Sources */,
			);
			runOnlyForDeploymentPostprocessing = 0;
		};
		367E88031CB4E7E300B943EC /* Sources */ = {
			isa = PBXSourcesBuildPhase;
			buildActionMask = 2147483647;
			files = (
				367E88041CB4E7E300B943EC /* ViewController.m in Sources */,
				367E88051CB4E7E300B943EC /* AppDelegate.m in Sources */,
				367E88061CB4E7E300B943EC /* main.m in Sources */,
			);
			runOnlyForDeploymentPostprocessing = 0;
		};
/* End PBXSourcesBuildPhase section */

/* Begin PBXTargetDependency section */
		366A3FCA1CB39C5E00A70DE3 /* PBXTargetDependency */ = {
			isa = PBXTargetDependency;
			target = 366A3FAE1CB39C5E00A70DE3 /* MakeCall */;
			targetProxy = 366A3FC91CB39C5E00A70DE3 /* PBXContainerItemProxy */;
		};
		366A3FD51CB39C5E00A70DE3 /* PBXTargetDependency */ = {
			isa = PBXTargetDependency;
			target = 366A3FAE1CB39C5E00A70DE3 /* MakeCall */;
			targetProxy = 366A3FD41CB39C5E00A70DE3 /* PBXContainerItemProxy */;
		};
/* End PBXTargetDependency section */

/* Begin PBXVariantGroup section */
		366A3FBB1CB39C5E00A70DE3 /* Main.storyboard */ = {
			isa = PBXVariantGroup;
			children = (
				366A3FBC1CB39C5E00A70DE3 /* Base */,
			);
			name = Main.storyboard;
			sourceTree = "<group>";
		};
		366A3FC01CB39C5E00A70DE3 /* LaunchScreen.storyboard */ = {
			isa = PBXVariantGroup;
			children = (
				366A3FC11CB39C5E00A70DE3 /* Base */,
			);
			name = LaunchScreen.storyboard;
			sourceTree = "<group>";
		};
/* End PBXVariantGroup section */

/* Begin XCBuildConfiguration section */
		366A3FDA1CB39C5E00A70DE3 /* Debug */ = {
			isa = XCBuildConfiguration;
			buildSettings = {
				ALWAYS_SEARCH_USER_PATHS = NO;
				CLANG_ANALYZER_NONNULL = YES;
				CLANG_CXX_LANGUAGE_STANDARD = "gnu++0x";
				CLANG_CXX_LIBRARY = "libc++";
				CLANG_ENABLE_MODULES = YES;
				CLANG_ENABLE_OBJC_ARC = YES;
				CLANG_WARN_BOOL_CONVERSION = YES;
				CLANG_WARN_CONSTANT_CONVERSION = YES;
				CLANG_WARN_DIRECT_OBJC_ISA_USAGE = YES_ERROR;
				CLANG_WARN_EMPTY_BODY = YES;
				CLANG_WARN_ENUM_CONVERSION = YES;
				CLANG_WARN_INT_CONVERSION = YES;
				CLANG_WARN_OBJC_ROOT_CLASS = YES_ERROR;
				CLANG_WARN_UNREACHABLE_CODE = YES;
				CLANG_WARN__DUPLICATE_METHOD_MATCH = YES;
				"CODE_SIGN_IDENTITY[sdk=iphoneos*]" = "iPhone Developer";
				COPY_PHASE_STRIP = NO;
				DEBUG_INFORMATION_FORMAT = dwarf;
				ENABLE_STRICT_OBJC_MSGSEND = YES;
				ENABLE_TESTABILITY = YES;
				GCC_C_LANGUAGE_STANDARD = gnu99;
				GCC_DYNAMIC_NO_PIC = NO;
				GCC_NO_COMMON_BLOCKS = YES;
				GCC_OPTIMIZATION_LEVEL = 0;
				GCC_PREPROCESSOR_DEFINITIONS = (
					"DEBUG=1",
					"$(inherited)",
				);
				GCC_WARN_64_TO_32_BIT_CONVERSION = YES;
				GCC_WARN_ABOUT_RETURN_TYPE = YES_ERROR;
				GCC_WARN_UNDECLARED_SELECTOR = YES;
				GCC_WARN_UNINITIALIZED_AUTOS = YES_AGGRESSIVE;
				GCC_WARN_UNUSED_FUNCTION = YES;
				GCC_WARN_UNUSED_VARIABLE = YES;
				IPHONEOS_DEPLOYMENT_TARGET = 9.3;
				MTL_ENABLE_DEBUG_INFO = YES;
				ONLY_ACTIVE_ARCH = YES;
				SDKROOT = iphoneos;
			};
			name = Debug;
		};
		366A3FDB1CB39C5E00A70DE3 /* Release */ = {
			isa = XCBuildConfiguration;
			buildSettings = {
				ALWAYS_SEARCH_USER_PATHS = NO;
				CLANG_ANALYZER_NONNULL = YES;
				CLANG_CXX_LANGUAGE_STANDARD = "gnu++0x";
				CLANG_CXX_LIBRARY = "libc++";
				CLANG_ENABLE_MODULES = YES;
				CLANG_ENABLE_OBJC_ARC = YES;
				CLANG_WARN_BOOL_CONVERSION = YES;
				CLANG_WARN_CONSTANT_CONVERSION = YES;
				CLANG_WARN_DIRECT_OBJC_ISA_USAGE = YES_ERROR;
				CLANG_WARN_EMPTY_BODY = YES;
				CLANG_WARN_ENUM_CONVERSION = YES;
				CLANG_WARN_INT_CONVERSION = YES;
				CLANG_WARN_OBJC_ROOT_CLASS = YES_ERROR;
				CLANG_WARN_UNREACHABLE_CODE = YES;
				CLANG_WARN__DUPLICATE_METHOD_MATCH = YES;
				"CODE_SIGN_IDENTITY[sdk=iphoneos*]" = "iPhone Developer";
				COPY_PHASE_STRIP = NO;
				DEBUG_INFORMATION_FORMAT = "dwarf-with-dsym";
				ENABLE_NS_ASSERTIONS = NO;
				ENABLE_STRICT_OBJC_MSGSEND = YES;
				GCC_C_LANGUAGE_STANDARD = gnu99;
				GCC_NO_COMMON_BLOCKS = YES;
				GCC_WARN_64_TO_32_BIT_CONVERSION = YES;
				GCC_WARN_ABOUT_RETURN_TYPE = YES_ERROR;
				GCC_WARN_UNDECLARED_SELECTOR = YES;
				GCC_WARN_UNINITIALIZED_AUTOS = YES_AGGRESSIVE;
				GCC_WARN_UNUSED_FUNCTION = YES;
				GCC_WARN_UNUSED_VARIABLE = YES;
				IPHONEOS_DEPLOYMENT_TARGET = 9.3;
				MTL_ENABLE_DEBUG_INFO = NO;
				SDKROOT = iphoneos;
				VALIDATE_PRODUCT = YES;
			};
			name = Release;
		};
		366A3FDD1CB39C5E00A70DE3 /* Debug */ = {
			isa = XCBuildConfiguration;
			buildSettings = {
				ASSETCATALOG_COMPILER_APPICON_NAME = AppIcon;
				CODE_SIGN_IDENTITY = "iPhone Developer";
				INFOPLIST_FILE = MakeCall/Info.plist;
				LD_RUNPATH_SEARCH_PATHS = "$(inherited) @executable_path/Frameworks";
				PRODUCT_BUNDLE_IDENTIFIER = com.fhdone.MakeCall;
				PRODUCT_NAME = "$(TARGET_NAME)";
			};
			name = Debug;
		};
		366A3FDE1CB39C5E00A70DE3 /* Release */ = {
			isa = XCBuildConfiguration;
			buildSettings = {
				ASSETCATALOG_COMPILER_APPICON_NAME = AppIcon;
				CODE_SIGN_IDENTITY = "iPhone Developer";
				INFOPLIST_FILE = MakeCall/Info.plist;
				LD_RUNPATH_SEARCH_PATHS = "$(inherited) @executable_path/Frameworks";
				PRODUCT_BUNDLE_IDENTIFIER = com.fhdone.MakeCall;
				PRODUCT_NAME = "$(TARGET_NAME)";
			};
			name = Release;
		};
		366A3FE01CB39C5E00A70DE3 /* Debug */ = {
			isa = XCBuildConfiguration;
			buildSettings = {
				BUNDLE_LOADER = "$(TEST_HOST)";
				INFOPLIST_FILE = MakeCallTests/Info.plist;
				LD_RUNPATH_SEARCH_PATHS = "$(inherited) @executable_path/Frameworks @loader_path/Frameworks";
				PRODUCT_BUNDLE_IDENTIFIER = com.fhdone.MakeCallTests;
				PRODUCT_NAME = "$(TARGET_NAME)";
				TEST_HOST = "$(BUILT_PRODUCTS_DIR)/MakeCall.app/MakeCall";
			};
			name = Debug;
		};
		366A3FE11CB39C5E00A70DE3 /* Release */ = {
			isa = XCBuildConfiguration;
			buildSettings = {
				BUNDLE_LOADER = "$(TEST_HOST)";
				INFOPLIST_FILE = MakeCallTests/Info.plist;
				LD_RUNPATH_SEARCH_PATHS = "$(inherited) @executable_path/Frameworks @loader_path/Frameworks";
				PRODUCT_BUNDLE_IDENTIFIER = com.fhdone.MakeCallTests;
				PRODUCT_NAME = "$(TARGET_NAME)";
				TEST_HOST = "$(BUILT_PRODUCTS_DIR)/MakeCall.app/MakeCall";
			};
			name = Release;
		};
		366A3FE31CB39C5E00A70DE3 /* Debug */ = {
			isa = XCBuildConfiguration;
			buildSettings = {
				INFOPLIST_FILE = MakeCallUITests/Info.plist;
				LD_RUNPATH_SEARCH_PATHS = "$(inherited) @executable_path/Frameworks @loader_path/Frameworks";
				PRODUCT_BUNDLE_IDENTIFIER = com.fhdone.MakeCallUITests;
				PRODUCT_NAME = "$(TARGET_NAME)";
				TEST_TARGET_NAME = MakeCall;
			};
			name = Debug;
		};
		366A3FE41CB39C5E00A70DE3 /* Release */ = {
			isa = XCBuildConfiguration;
			buildSettings = {
				INFOPLIST_FILE = MakeCallUITests/Info.plist;
				LD_RUNPATH_SEARCH_PATHS = "$(inherited) @executable_path/Frameworks @loader_path/Frameworks";
				PRODUCT_BUNDLE_IDENTIFIER = com.fhdone.MakeCallUITests;
				PRODUCT_NAME = "$(TARGET_NAME)";
				TEST_TARGET_NAME = MakeCall;
			};
			name = Release;
		};
		367E880D1CB4E7E300B943EC /* Debug */ = {
			isa = XCBuildConfiguration;
			buildSettings = {
				ASSETCATALOG_COMPILER_APPICON_NAME = AppIcon;
				CODE_SIGN_IDENTITY = "iPhone Developer";
				INFOPLIST_FILE = "MakeCall copy-Info.plist";
				IPHONEOS_DEPLOYMENT_TARGET = 9.3;
				LD_RUNPATH_SEARCH_PATHS = "$(inherited) @executable_path/Frameworks";
				PRODUCT_BUNDLE_IDENTIFIER = com.fhdone.MakeCall;
				PRODUCT_NAME = "MakeCall-iPad";
				TARGETED_DEVICE_FAMILY = 2;
			};
			name = Debug;
		};
		367E880E1CB4E7E300B943EC /* Release */ = {
			isa = XCBuildConfiguration;
			buildSettings = {
				ASSETCATALOG_COMPILER_APPICON_NAME = AppIcon;
				CODE_SIGN_IDENTITY = "iPhone Developer";
				INFOPLIST_FILE = "MakeCall copy-Info.plist";
				IPHONEOS_DEPLOYMENT_TARGET = 9.3;
				LD_RUNPATH_SEARCH_PATHS = "$(inherited) @executable_path/Frameworks";
				PRODUCT_BUNDLE_IDENTIFIER = com.fhdone.MakeCall;
				PRODUCT_NAME = "MakeCall-iPad";
				TARGETED_DEVICE_FAMILY = 2;
			};
			name = Release;
		};
/* End XCBuildConfiguration section */

/* Begin XCConfigurationList section */
		366A3FAA1CB39C5E00A70DE3 /* Build configuration list for PBXProject "MakeCall" */ = {
			isa = XCConfigurationList;
			buildConfigurations = (
				366A3FDA1CB39C5E00A70DE3 /* Debug */,
				366A3FDB1CB39C5E00A70DE3 /* Release */,
			);
			defaultConfigurationIsVisible = 0;
			defaultConfigurationName = Release;
		};
		366A3FDC1CB39C5E00A70DE3 /* Build configuration list for PBXNativeTarget "MakeCall" */ = {
			isa = XCConfigurationList;
			buildConfigurations = (
				366A3FDD1CB39C5E00A70DE3 /* Debug */,
				366A3FDE1CB39C5E00A70DE3 /* Release */,
			);
			defaultConfigurationIsVisible = 0;
			defaultConfigurationName = Release;
		};
		366A3FDF1CB39C5E00A70DE3 /* Build configuration list for PBXNativeTarget "MakeCallTests" */ = {
			isa = XCConfigurationList;
			buildConfigurations = (
				366A3FE01CB39C5E00A70DE3 /* Debug */,
				366A3FE11CB39C5E00A70DE3 /* Release */,
			);
			defaultConfigurationIsVisible = 0;
			defaultConfigurationName = Release;
		};
		366A3FE21CB39C5E00A70DE3 /* Build configuration list for PBXNativeTarget "MakeCallUITests" */ = {
			isa = XCConfigurationList;
			buildConfigurations = (
				366A3FE31CB39C5E00A70DE3 /* Debug */,
				366A3FE41CB39C5E00A70DE3 /* Release */,
			);
			defaultConfigurationIsVisible = 0;
			defaultConfigurationName = Release;
		};
		367E880C1CB4E7E300B943EC /* Build configuration list for PBXNativeTarget "MakeCall-iPad" */ = {
			isa = XCConfigurationList;
			buildConfigurations = (
				367E880D1CB4E7E300B943EC /* Debug */,
				367E880E1CB4E7E300B943EC /* Release */,
			);
			defaultConfigurationIsVisible = 0;
			defaultConfigurationName = Release;
		};
/* End XCConfigurationList section */
	};
	rootObject = 366A3FA71CB39C5E00A70DE3 /* Project object */;
}
